
Microsoft Visual Studio Solution File, Format Version 12.00
# Visual Studio Version 17
VisualStudioVersion = 17.3.32929.385
MinimumVisualStudioVersion = 10.0.40219.1
Project("{FAE04EC0-301F-11D3-BF4B-00C04F79EFBC}") = "prjCoreMVCMGScolaire", "prjCoreMVCMGScolaire\prjCoreMVCMGScolaire.csproj", "{107E877C-2086-4BAE-89B7-3FE0BAB8F9A6}"
EndProject
Global
	GlobalSection(SolutionConfigurationPlatforms) = preSolution
		Debug|Any CPU = Debug|Any CPU
		Release|Any CPU = Release|Any CPU
	EndGlobalSection
	GlobalSection(ProjectConfigurationPlatforms) = postSolution
		{107E877C-2086-4BAE-89B7-3FE0BAB8F9A6}.Debug|Any CPU.ActiveCfg = Debug|Any CPU
		{107E877C-2086-4BAE-89B7-3FE0BAB8F9A6}.Debug|Any CPU.Build.0 = Debug|Any CPU
		{107E877C-2086-4BAE-89B7-3FE0BAB8F9A6}.Release|Any CPU.ActiveCfg = Release|Any CPU
		{107E877C-2086-4BAE-89B7-3FE0BAB8F9A6}.Release|Any CPU.Build.0 = Release|Any CPU
	EndGlobalSection
	GlobalSection(SolutionProperties) = preSolution
		HideSolutionNode = FALSE
	EndGlobalSection
	GlobalSection(ExtensibilityGlobals) = postSolution
		SolutionGuid = {3AD17CB5-DAC4-4CB5-BE19-D54473A0AD7C}
	EndGlobalSection
EndGlobal
